
Microsoft Visual Studio Solution File, Format Version 12.00
# Visual Studio Version 17
VisualStudioVersion = 17.5.33414.496
MinimumVisualStudioVersion = 10.0.40219.1
Project("{FAE04EC0-301F-11D3-BF4B-00C04F79EFBC}") = "RecipeBlogWebapp", "RecipeBlogWebapp.csproj", "{B3B2B186-503E-4EA2-9648-B4D105621CA4}"
EndProject
Global
	GlobalSection(SolutionConfigurationPlatforms) = preSolution
		Debug|Any CPU = Debug|Any CPU
		Release|Any CPU = Release|Any CPU
	EndGlobalSection
	GlobalSection(ProjectConfigurationPlatforms) = postSolution
		{B3B2B186-503E-4EA2-9648-B4D105621CA4}.Debug|Any CPU.ActiveCfg = Debug|Any CPU
		{B3B2B186-503E-4EA2-9648-B4D105621CA4}.Debug|Any CPU.Build.0 = Debug|Any CPU
		{B3B2B186-503E-4EA2-9648-B4D105621CA4}.Release|Any CPU.ActiveCfg = Release|Any CPU
		{B3B2B186-503E-4EA2-9648-B4D105621CA4}.Release|Any CPU.Build.0 = Release|Any CPU
	EndGlobalSection
	GlobalSection(SolutionProperties) = preSolution
		HideSolutionNode = FALSE
	EndGlobalSection
	GlobalSection(ExtensibilityGlobals) = postSolution
		SolutionGuid = {4BBD20DB-58D9-43EC-88BC-E3CF79BBC517}
	EndGlobalSection
EndGlobal
